
Microsoft Visual Studio Solution File, Format Version 12.00
# Visual Studio 14
VisualStudioVersion = 14.0.25420.1
MinimumVisualStudioVersion = 10.0.40219.1
Project("{2150E333-8FDC-42A3-9474-1A3956D46DE8}") = "src", "src", "{03B84B61-1315-4E4C-B943-043F4683F555}"
EndProject
Project("{2150E333-8FDC-42A3-9474-1A3956D46DE8}") = "Solution Items", "Solution Items", "{39F57B15-021B-42B2-8CE6-81913313306C}"
	ProjectSection(SolutionItems) = preProject
		global.json = global.json
	EndProjectSection
EndProject
Project("{8BB2217D-0F2D-49D1-97BC-3654ED321F3B}") = "PhishingTest", "src\PhishingTest\PhishingTest.xproj", "{F9B3B03C-CBF9-4B9D-B486-A1D918F10E39}"
EndProject
Project("{8BB2217D-0F2D-49D1-97BC-3654ED321F3B}") = "PhishingTest.BusinessLayer", "src\PhishingTest.BusinessLayer\PhishingTest.BusinessLayer.xproj", "{2984D763-EC43-452C-97C7-9D866F608BC6}"
EndProject
Project("{8BB2217D-0F2D-49D1-97BC-3654ED321F3B}") = "PhishingTest.Models", "src\PhishingTest.Models\PhishingTest.Models.xproj", "{4B2E08D4-4BF4-4BF9-8378-E36A7AF2D16D}"
EndProject
Global
	GlobalSection(SolutionConfigurationPlatforms) = preSolution
		Debug|Any CPU = Debug|Any CPU
		Release|Any CPU = Release|Any CPU
	EndGlobalSection
	GlobalSection(ProjectConfigurationPlatforms) = postSolution
		{F9B3B03C-CBF9-4B9D-B486-A1D918F10E39}.Debug|Any CPU.ActiveCfg = Debug|Any CPU
		{F9B3B03C-CBF9-4B9D-B486-A1D918F10E39}.Debug|Any CPU.Build.0 = Debug|Any CPU
		{F9B3B03C-CBF9-4B9D-B486-A1D918F10E39}.Release|Any CPU.ActiveCfg = Release|Any CPU
		{F9B3B03C-CBF9-4B9D-B486-A1D918F10E39}.Release|Any CPU.Build.0 = Release|Any CPU
		{2984D763-EC43-452C-97C7-9D866F608BC6}.Debug|Any CPU.ActiveCfg = Debug|Any CPU
		{2984D763-EC43-452C-97C7-9D866F608BC6}.Debug|Any CPU.Build.0 = Debug|Any CPU
		{2984D763-EC43-452C-97C7-9D866F608BC6}.Release|Any CPU.ActiveCfg = Release|Any CPU
		{2984D763-EC43-452C-97C7-9D866F608BC6}.Release|Any CPU.Build.0 = Release|Any CPU
		{4B2E08D4-4BF4-4BF9-8378-E36A7AF2D16D}.Debug|Any CPU.ActiveCfg = Debug|Any CPU
		{4B2E08D4-4BF4-4BF9-8378-E36A7AF2D16D}.Debug|Any CPU.Build.0 = Debug|Any CPU
		{4B2E08D4-4BF4-4BF9-8378-E36A7AF2D16D}.Release|Any CPU.ActiveCfg = Release|Any CPU
		{4B2E08D4-4BF4-4BF9-8378-E36A7AF2D16D}.Release|Any CPU.Build.0 = Release|Any CPU
	EndGlobalSection
	GlobalSection(SolutionProperties) = preSolution
		HideSolutionNode = FALSE
	EndGlobalSection
	GlobalSection(NestedProjects) = preSolution
		{F9B3B03C-CBF9-4B9D-B486-A1D918F10E39} = {03B84B61-1315-4E4C-B943-043F4683F555}
		{2984D763-EC43-452C-97C7-9D866F608BC6} = {03B84B61-1315-4E4C-B943-043F4683F555}
		{4B2E08D4-4BF4-4BF9-8378-E36A7AF2D16D} = {03B84B61-1315-4E4C-B943-043F4683F555}
	EndGlobalSection
EndGlobal
